github.com/inkeliz/gioismobile v0.0.0-20250605191856-aaa9fbad77bc h1:bIwu8LEGFO1w2zqq26ivLoriyMDLAKtlwERIaJqIFDg=
github.com/inkeliz/gioismobile v0.0.0-20250605191856-aaa9fbad77bc/go.mod h1:Wx2a/rUVgE1sFSUCokd8u9kUjolkwy+uyl2i6b7608s=
github.com/inkeliz/go_inkwasm v0.1.23-0.20240519174017-989fbe5b10f6 h1:zOY3Po61l43KEg+6p+xxEaSAJlBR4a81HRmxqfVOuyw=
github.com/inkeliz/go_inkwasm v0.1.23-0.20240519174017-989fbe5b10f6/go.mod h1:68mLNhLJuUItd5PbLmnwC4H5P6wI3l3l8gGnAvXQq9k=
